
Microsoft Visual Studio Solution File, Format Version 12.00
# Visual Studio Version 16
VisualStudioVersion = 16.0.30128.36
MinimumVisualStudioVersion = 10.0.40219.1
Project("{FAE04EC0-301F-11D3-BF4B-00C04F79EFBC}") = "ExperimentingDDD.Tests", "ExperimentingDDD.Tests\ExperimentingDDD.Tests.csproj", "{1D8095ED-19BA-48D6-B466-0932E49DF6BD}"
EndProject
Project("{FAE04EC0-301F-11D3-BF4B-00C04F79EFBC}") = "ExperimentingDDD.Domains", "ExperimentingDDD.Domains\ExperimentingDDD.Domains.csproj", "{E948A52D-EC66-4F6D-8E78-F3BFF86858E7}"
EndProject
Global
	GlobalSection(SolutionConfigurationPlatforms) = preSolution
		Debug|Any CPU = Debug|Any CPU
		Release|Any CPU = Release|Any CPU
	EndGlobalSection
	GlobalSection(ProjectConfigurationPlatforms) = postSolution
		{1D8095ED-19BA-48D6-B466-0932E49DF6BD}.Debug|Any CPU.ActiveCfg = Debug|Any CPU
		{1D8095ED-19BA-48D6-B466-0932E49DF6BD}.Debug|Any CPU.Build.0 = Debug|Any CPU
		{1D8095ED-19BA-48D6-B466-0932E49DF6BD}.Release|Any CPU.ActiveCfg = Release|Any CPU
		{1D8095ED-19BA-48D6-B466-0932E49DF6BD}.Release|Any CPU.Build.0 = Release|Any CPU
		{E948A52D-EC66-4F6D-8E78-F3BFF86858E7}.Debug|Any CPU.ActiveCfg = Debug|Any CPU
		{E948A52D-EC66-4F6D-8E78-F3BFF86858E7}.Debug|Any CPU.Build.0 = Debug|Any CPU
		{E948A52D-EC66-4F6D-8E78-F3BFF86858E7}.Release|Any CPU.ActiveCfg = Release|Any CPU
		{E948A52D-EC66-4F6D-8E78-F3BFF86858E7}.Release|Any CPU.Build.0 = Release|Any CPU
	EndGlobalSection
	GlobalSection(SolutionProperties) = preSolution
		HideSolutionNode = FALSE
	EndGlobalSection
	GlobalSection(ExtensibilityGlobals) = postSolution
		SolutionGuid = {9F9FB13E-B561-47C9-BC93-BD0B896FA883}
	EndGlobalSection
EndGlobal
